
Microsoft Visual Studio Solution File, Format Version 12.00
# Visual Studio Version 18
VisualStudioVersion = 18.1.11304.174
MinimumVisualStudioVersion = 10.0.40219.1
Project("{FAE04EC0-301F-11D3-BF4B-00C04F79EFBC}") = "SchemaNode", "SchemaNode\SchemaNode.csproj", "{53B8C780-4A12-4B44-B257-BA0B6FFD0E8E}"
EndProject
Project("{FAE04EC0-301F-11D3-BF4B-00C04F79EFBC}") = "SchemaNode.Example", "SchemaNode.Example\SchemaNode.Example.csproj", "{171102A5-4B38-4F21-B1F7-B17E8C9DB9BA}"
EndProject
Project("{FAE04EC0-301F-11D3-BF4B-00C04F79EFBC}") = "SchemaNode.MySql", "SchemaNode.MySql\SchemaNode.MySql.csproj", "{0BDBE01A-5D6F-4239-81F7-B5C99069DBA5}"
EndProject
Project("{FAE04EC0-301F-11D3-BF4B-00C04F79EFBC}") = "SchemaNode.Kafka", "SchemaNode.Kafka\SchemaNode.Kafka.csproj", "{2390F232-AA1F-4C7E-A43A-B359E738F89B}"
EndProject
Project("{FAE04EC0-301F-11D3-BF4B-00C04F79EFBC}") = "SchemaNode.RabbitMQ", "SchemaNode.RabbitMQ\SchemaNode.RabbitMQ.csproj", "{79F9F918-79B3-4433-9D99-9561BC1F03A1}"
EndProject
Project("{FAE04EC0-301F-11D3-BF4B-00C04F79EFBC}") = "SchemaNode.McpHost", "SchemaNode.McpHost\SchemaNode.McpHost.csproj", "{744917E0-AA18-4B2B-9467-540AA8162EB9}"
EndProject
Project("{FAE04EC0-301F-11D3-BF4B-00C04F79EFBC}") = "SchemaNode.UnitTest", "SchemaNode.UnitTest\SchemaNode.UnitTest.csproj", "{5FCE9972-8604-4234-A8A4-F610D1D1150F}"
EndProject
Project("{FAE04EC0-301F-11D3-BF4B-00C04F79EFBC}") = "SchemaNode.PostgreSQL", "SchemaNode.PostgreSQL\SchemaNode.PostgreSQL.csproj", "{98CE8F3B-D7C8-ECCA-DB5D-C2BF029A2256}"
EndProject
Project("{FAE04EC0-301F-11D3-BF4B-00C04F79EFBC}") = "SchemaNode.Ontology", "SchemaNode.Ontology\SchemaNode.Ontology.csproj", "{FC1B9AC8-BF97-421B-A8E0-CC3AA486064A}"
EndProject
Project("{FAE04EC0-301F-11D3-BF4B-00C04F79EFBC}") = "SchemaNode.Vector", "SchemaNode.Vector\SchemaNode.Vector.csproj", "{CF9ED898-9874-4F6B-A95C-87A1FADC620E}"
EndProject
Global
	GlobalSection(SolutionConfigurationPlatforms) = preSolution
		Debug|Any CPU = Debug|Any CPU
		Debug|x64 = Debug|x64
		Debug|x86 = Debug|x86
		Release|Any CPU = Release|Any CPU
		Release|x64 = Release|x64
		Release|x86 = Release|x86
	EndGlobalSection
	GlobalSection(ProjectConfigurationPlatforms) = postSolution
		{53B8C780-4A12-4B44-B257-BA0B6FFD0E8E}.Debug|Any CPU.ActiveCfg = Debug|Any CPU
		{53B8C780-4A12-4B44-B257-BA0B6FFD0E8E}.Debug|Any CPU.Build.0 = Debug|Any CPU
		{53B8C780-4A12-4B44-B257-BA0B6FFD0E8E}.Debug|x64.ActiveCfg = Debug|Any CPU
		{53B8C780-4A12-4B44-B257-BA0B6FFD0E8E}.Debug|x64.Build.0 = Debug|Any CPU
		{53B8C780-4A12-4B44-B257-BA0B6FFD0E8E}.Debug|x86.ActiveCfg = Debug|Any CPU
		{53B8C780-4A12-4B44-B257-BA0B6FFD0E8E}.Debug|x86.Build.0 = Debug|Any CPU
		{53B8C780-4A12-4B44-B257-BA0B6FFD0E8E}.Release|Any CPU.ActiveCfg = Release|Any CPU
		{53B8C780-4A12-4B44-B257-BA0B6FFD0E8E}.Release|Any CPU.Build.0 = Release|Any CPU
		{53B8C780-4A12-4B44-B257-BA0B6FFD0E8E}.Release|x64.ActiveCfg = Release|Any CPU
		{53B8C780-4A12-4B44-B257-BA0B6FFD0E8E}.Release|x64.Build.0 = Release|Any CPU
		{53B8C780-4A12-4B44-B257-BA0B6FFD0E8E}.Release|x86.ActiveCfg = Release|Any CPU
		{53B8C780-4A12-4B44-B257-BA0B6FFD0E8E}.Release|x86.Build.0 = Release|Any CPU
		{171102A5-4B38-4F21-B1F7-B17E8C9DB9BA}.Debug|Any CPU.ActiveCfg = Debug|Any CPU
		{171102A5-4B38-4F21-B1F7-B17E8C9DB9BA}.Debug|Any CPU.Build.0 = Debug|Any CPU
		{171102A5-4B38-4F21-B1F7-B17E8C9DB9BA}.Debug|x64.ActiveCfg = Debug|Any CPU
		{171102A5-4B38-4F21-B1F7-B17E8C9DB9BA}.Debug|x64.Build.0 = Debug|Any CPU
		{171102A5-4B38-4F21-B1F7-B17E8C9DB9BA}.Debug|x86.ActiveCfg = Debug|Any CPU
		{171102A5-4B38-4F21-B1F7-B17E8C9DB9BA}.Debug|x86.Build.0 = Debug|Any CPU
		{171102A5-4B38-4F21-B1F7-B17E8C9DB9BA}.Release|Any CPU.ActiveCfg = Release|Any CPU
		{171102A5-4B38-4F21-B1F7-B17E8C9DB9BA}.Release|Any CPU.Build.0 = Release|Any CPU
		{171102A5-4B38-4F21-B1F7-B17E8C9DB9BA}.Release|x64.ActiveCfg = Release|Any CPU
		{171102A5-4B38-4F21-B1F7-B17E8C9DB9BA}.Release|x64.Build.0 = Release|Any CPU
		{171102A5-4B38-4F21-B1F7-B17E8C9DB9BA}.Release|x86.ActiveCfg = Release|Any CPU
		{171102A5-4B38-4F21-B1F7-B17E8C9DB9BA}.Release|x86.Build.0 = Release|Any CPU
		{0BDBE01A-5D6F-4239-81F7-B5C99069DBA5}.Debug|Any CPU.ActiveCfg = Debug|Any CPU
		{0BDBE01A-5D6F-4239-81F7-B5C99069DBA5}.Debug|Any CPU.Build.0 = Debug|Any CPU
		{0BDBE01A-5D6F-4239-81F7-B5C99069DBA5}.Debug|x64.ActiveCfg = Debug|Any CPU
		{0BDBE01A-5D6F-4239-81F7-B5C99069DBA5}.Debug|x64.Build.0 = Debug|Any CPU
		{0BDBE01A-5D6F-4239-81F7-B5C99069DBA5}.Debug|x86.ActiveCfg = Debug|Any CPU
		{0BDBE01A-5D6F-4239-81F7-B5C99069DBA5}.Debug|x86.Build.0 = Debug|Any CPU
		{0BDBE01A-5D6F-4239-81F7-B5C99069DBA5}.Release|Any CPU.ActiveCfg = Release|Any CPU
		{0BDBE01A-5D6F-4239-81F7-B5C99069DBA5}.Release|Any CPU.Build.0 = Release|Any CPU
		{0BDBE01A-5D6F-4239-81F7-B5C99069DBA5}.Release|x64.ActiveCfg = Release|Any CPU
		{0BDBE01A-5D6F-4239-81F7-B5C99069DBA5}.Release|x64.Build.0 = Release|Any CPU
		{0BDBE01A-5D6F-4239-81F7-B5C99069DBA5}.Release|x86.ActiveCfg = Release|Any CPU
		{0BDBE01A-5D6F-4239-81F7-B5C99069DBA5}.Release|x86.Build.0 = Release|Any CPU
		{2390F232-AA1F-4C7E-A43A-B359E738F89B}.Debug|Any CPU.ActiveCfg = Debug|Any CPU
		{2390F232-AA1F-4C7E-A43A-B359E738F89B}.Debug|Any CPU.Build.0 = Debug|Any CPU
		{2390F232-AA1F-4C7E-A43A-B359E738F89B}.Debug|x64.ActiveCfg = Debug|Any CPU
		{2390F232-AA1F-4C7E-A43A-B359E738F89B}.Debug|x64.Build.0 = Debug|Any CPU
		{2390F232-AA1F-4C7E-A43A-B359E738F89B}.Debug|x86.ActiveCfg = Debug|Any CPU
		{2390F232-AA1F-4C7E-A43A-B359E738F89B}.Debug|x86.Build.0 = Debug|Any CPU
		{2390F232-AA1F-4C7E-A43A-B359E738F89B}.Release|Any CPU.ActiveCfg = Release|Any CPU
		{2390F232-AA1F-4C7E-A43A-B359E738F89B}.Release|Any CPU.Build.0 = Release|Any CPU
		{2390F232-AA1F-4C7E-A43A-B359E738F89B}.Release|x64.ActiveCfg = Release|Any CPU
		{2390F232-AA1F-4C7E-A43A-B359E738F89B}.Release|x64.Build.0 = Release|Any CPU
		{2390F232-AA1F-4C7E-A43A-B359E738F89B}.Release|x86.ActiveCfg = Release|Any CPU
		{2390F232-AA1F-4C7E-A43A-B359E738F89B}.Release|x86.Build.0 = Release|Any CPU
		{79F9F918-79B3-4433-9D99-9561BC1F03A1}.Debug|Any CPU.ActiveCfg = Debug|Any CPU
		{79F9F918-79B3-4433-9D99-9561BC1F03A1}.Debug|Any CPU.Build.0 = Debug|Any CPU
		{79F9F918-79B3-4433-9D99-9561BC1F03A1}.Debug|x64.ActiveCfg = Debug|Any CPU
		{79F9F918-79B3-4433-9D99-9561BC1F03A1}.Debug|x64.Build.0 = Debug|Any CPU
		{79F9F918-79B3-4433-9D99-9561BC1F03A1}.Debug|x86.ActiveCfg = Debug|Any CPU
		{79F9F918-79B3-4433-9D99-9561BC1F03A1}.Debug|x86.Build.0 = Debug|Any CPU
		{79F9F918-79B3-4433-9D99-9561BC1F03A1}.Release|Any CPU.ActiveCfg = Release|Any CPU
		{79F9F918-79B3-4433-9D99-9561BC1F03A1}.Release|Any CPU.Build.0 = Release|Any CPU
		{79F9F918-79B3-4433-9D99-9561BC1F03A1}.Release|x64.ActiveCfg = Release|Any CPU
		{79F9F918-79B3-4433-9D99-9561BC1F03A1}.Release|x64.Build.0 = Release|Any CPU
		{79F9F918-79B3-4433-9D99-9561BC1F03A1}.Release|x86.ActiveCfg = Release|Any CPU
		{79F9F918-79B3-4433-9D99-9561BC1F03A1}.Release|x86.Build.0 = Release|Any CPU
		{744917E0-AA18-4B2B-9467-540AA8162EB9}.Debug|Any CPU.ActiveCfg = Debug|Any CPU
		{744917E0-AA18-4B2B-9467-540AA8162EB9}.Debug|Any CPU.Build.0 = Debug|Any CPU
		{744917E0-AA18-4B2B-9467-540AA8162EB9}.Debug|x64.ActiveCfg = Debug|Any CPU
		{744917E0-AA18-4B2B-9467-540AA8162EB9}.Debug|x64.Build.0 = Debug|Any CPU
		{744917E0-AA18-4B2B-9467-540AA8162EB9}.Debug|x86.ActiveCfg = Debug|Any CPU
		{744917E0-AA18-4B2B-9467-540AA8162EB9}.Debug|x86.Build.0 = Debug|Any CPU
		{744917E0-AA18-4B2B-9467-540AA8162EB9}.Release|Any CPU.ActiveCfg = Release|Any CPU
		{744917E0-AA18-4B2B-9467-540AA8162EB9}.Release|Any CPU.Build.0 = Release|Any CPU
		{744917E0-AA18-4B2B-9467-540AA8162EB9}.Release|x64.ActiveCfg = Release|Any CPU
		{744917E0-AA18-4B2B-9467-540AA8162EB9}.Release|x64.Build.0 = Release|Any CPU
		{744917E0-AA18-4B2B-9467-540AA8162EB9}.Release|x86.ActiveCfg = Release|Any CPU
		{744917E0-AA18-4B2B-9467-540AA8162EB9}.Release|x86.Build.0 = Release|Any CPU
		{5FCE9972-8604-4234-A8A4-F610D1D1150F}.Debug|Any CPU.ActiveCfg = Debug|Any CPU
		{5FCE9972-8604-4234-A8A4-F610D1D1150F}.Debug|Any CPU.Build.0 = Debug|Any CPU
		{5FCE9972-8604-4234-A8A4-F610D1D1150F}.Debug|x64.ActiveCfg = Debug|Any CPU
		{5FCE9972-8604-4234-A8A4-F610D1D1150F}.Debug|x64.Build.0 = Debug|Any CPU
		{5FCE9972-8604-4234-A8A4-F610D1D1150F}.Debug|x86.ActiveCfg = Debug|Any CPU
		{5FCE9972-8604-4234-A8A4-F610D1D1150F}.Debug|x86.Build.0 = Debug|Any CPU
		{5FCE9972-8604-4234-A8A4-F610D1D1150F}.Release|Any CPU.ActiveCfg = Release|Any CPU
		{5FCE9972-8604-4234-A8A4-F610D1D1150F}.Release|Any CPU.Build.0 = Release|Any CPU
		{5FCE9972-8604-4234-A8A4-F610D1D1150F}.Release|x64.ActiveCfg = Release|Any CPU
		{5FCE9972-8604-4234-A8A4-F610D1D1150F}.Release|x64.Build.0 = Release|Any CPU
		{5FCE9972-8604-4234-A8A4-F610D1D1150F}.Release|x86.ActiveCfg = Release|Any CPU
		{5FCE9972-8604-4234-A8A4-F610D1D1150F}.Release|x86.Build.0 = Release|Any CPU
		{98CE8F3B-D7C8-ECCA-DB5D-C2BF029A2256}.Debug|Any CPU.ActiveCfg = Debug|Any CPU
		{98CE8F3B-D7C8-ECCA-DB5D-C2BF029A2256}.Debug|Any CPU.Build.0 = Debug|Any CPU
		{98CE8F3B-D7C8-ECCA-DB5D-C2BF029A2256}.Debug|x64.ActiveCfg = Debug|Any CPU
		{98CE8F3B-D7C8-ECCA-DB5D-C2BF029A2256}.Debug|x64.Build.0 = Debug|Any CPU
		{98CE8F3B-D7C8-ECCA-DB5D-C2BF029A2256}.Debug|x86.ActiveCfg = Debug|Any CPU
		{98CE8F3B-D7C8-ECCA-DB5D-C2BF029A2256}.Debug|x86.Build.0 = Debug|Any CPU
		{98CE8F3B-D7C8-ECCA-DB5D-C2BF029A2256}.Release|Any CPU.ActiveCfg = Release|Any CPU
		{98CE8F3B-D7C8-ECCA-DB5D-C2BF029A2256}.Release|Any CPU.Build.0 = Release|Any CPU
		{98CE8F3B-D7C8-ECCA-DB5D-C2BF029A2256}.Release|x64.ActiveCfg = Release|Any CPU
		{98CE8F3B-D7C8-ECCA-DB5D-C2BF029A2256}.Release|x64.Build.0 = Release|Any CPU
		{98CE8F3B-D7C8-ECCA-DB5D-C2BF029A2256}.Release|x86.ActiveCfg = Release|Any CPU
		{98CE8F3B-D7C8-ECCA-DB5D-C2BF029A2256}.Release|x86.Build.0 = Release|Any CPU
		{FC1B9AC8-BF97-421B-A8E0-CC3AA486064A}.Debug|Any CPU.ActiveCfg = Debug|Any CPU
		{FC1B9AC8-BF97-421B-A8E0-CC3AA486064A}.Debug|Any CPU.Build.0 = Debug|Any CPU
		{FC1B9AC8-BF97-421B-A8E0-CC3AA486064A}.Debug|x64.ActiveCfg = Debug|Any CPU
		{FC1B9AC8-BF97-421B-A8E0-CC3AA486064A}.Debug|x64.Build.0 = Debug|Any CPU
		{FC1B9AC8-BF97-421B-A8E0-CC3AA486064A}.Debug|x86.ActiveCfg = Debug|Any CPU
		{FC1B9AC8-BF97-421B-A8E0-CC3AA486064A}.Debug|x86.Build.0 = Debug|Any CPU
		{FC1B9AC8-BF97-421B-A8E0-CC3AA486064A}.Release|Any CPU.ActiveCfg = Release|Any CPU
		{FC1B9AC8-BF97-421B-A8E0-CC3AA486064A}.Release|Any CPU.Build.0 = Release|Any CPU
		{FC1B9AC8-BF97-421B-A8E0-CC3AA486064A}.Release|x64.ActiveCfg = Release|Any CPU
		{FC1B9AC8-BF97-421B-A8E0-CC3AA486064A}.Release|x64.Build.0 = Release|Any CPU
		{FC1B9AC8-BF97-421B-A8E0-CC3AA486064A}.Release|x86.ActiveCfg = Release|Any CPU
		{FC1B9AC8-BF97-421B-A8E0-CC3AA486064A}.Release|x86.Build.0 = Release|Any CPU
		{CF9ED898-9874-4F6B-A95C-87A1FADC620E}.Debug|Any CPU.ActiveCfg = Debug|Any CPU
		{CF9ED898-9874-4F6B-A95C-87A1FADC620E}.Debug|Any CPU.Build.0 = Debug|Any CPU
		{CF9ED898-9874-4F6B-A95C-87A1FADC620E}.Debug|x64.ActiveCfg = Debug|Any CPU
		{CF9ED898-9874-4F6B-A95C-87A1FADC620E}.Debug|x64.Build.0 = Debug|Any CPU
		{CF9ED898-9874-4F6B-A95C-87A1FADC620E}.Debug|x86.ActiveCfg = Debug|Any CPU
		{CF9ED898-9874-4F6B-A95C-87A1FADC620E}.Debug|x86.Build.0 = Debug|Any CPU
		{CF9ED898-9874-4F6B-A95C-87A1FADC620E}.Release|Any CPU.ActiveCfg = Release|Any CPU
		{CF9ED898-9874-4F6B-A95C-87A1FADC620E}.Release|Any CPU.Build.0 = Release|Any CPU
		{CF9ED898-9874-4F6B-A95C-87A1FADC620E}.Release|x64.ActiveCfg = Release|Any CPU
		{CF9ED898-9874-4F6B-A95C-87A1FADC620E}.Release|x64.Build.0 = Release|Any CPU
		{CF9ED898-9874-4F6B-A95C-87A1FADC620E}.Release|x86.ActiveCfg = Release|Any CPU
		{CF9ED898-9874-4F6B-A95C-87A1FADC620E}.Release|x86.Build.0 = Release|Any CPU
	EndGlobalSection
	GlobalSection(SolutionProperties) = preSolution
		HideSolutionNode = FALSE
	EndGlobalSection
	GlobalSection(ExtensibilityGlobals) = postSolution
		SolutionGuid = {70E39E2A-71AC-444B-B681-90063924E494}
	EndGlobalSection
EndGlobal
